
Microsoft Visual Studio Solution File, Format Version 12.00
# Visual Studio Version 16
VisualStudioVersion = 16.0.30717.126
MinimumVisualStudioVersion = 10.0.40219.1
Project("{FAE04EC0-301F-11D3-BF4B-00C04F79EFBC}") = "021 Challenge", "021 Challenge.csproj", "{4A840A4C-50EF-452B-BA3B-84365A73B1F1}"
EndProject
Global
	GlobalSection(SolutionConfigurationPlatforms) = preSolution
		Debug|Any CPU = Debug|Any CPU
		Release|Any CPU = Release|Any CPU
	EndGlobalSection
	GlobalSection(ProjectConfigurationPlatforms) = postSolution
		{4A840A4C-50EF-452B-BA3B-84365A73B1F1}.Debug|Any CPU.ActiveCfg = Debug|Any CPU
		{4A840A4C-50EF-452B-BA3B-84365A73B1F1}.Debug|Any CPU.Build.0 = Debug|Any CPU
		{4A840A4C-50EF-452B-BA3B-84365A73B1F1}.Release|Any CPU.ActiveCfg = Release|Any CPU
		{4A840A4C-50EF-452B-BA3B-84365A73B1F1}.Release|Any CPU.Build.0 = Release|Any CPU
	EndGlobalSection
	GlobalSection(SolutionProperties) = preSolution
		HideSolutionNode = FALSE
	EndGlobalSection
	GlobalSection(ExtensibilityGlobals) = postSolution
		SolutionGuid = {F5FBBEE4-1FAE-4501-9FE3-E580B46BAE27}
	EndGlobalSection
EndGlobal
